// !$*UTF8*$!
{
	archiveVersion = 1;
	classes = {
	};
	objectVersion = 56;
	objects = {

/* Begin PBXBuildFile section */
		DC644A832C9C2005009D18F7 /* ViewControllerViewModel.swift in Sources */ = {isa = PBXBuildFile; fileRef = DC644A822C9C2005009D18F7 /* ViewControllerViewModel.swift */; };
		DC644A852C9C203F009D18F7 /* MovieUIModel.swift in Sources */ = {isa = PBXBuildFile; fileRef = DC644A842C9C203F009D18F7 /* MovieUIModel.swift */; };
		DCB92A302C9C076E000290DE /* RxAlamofire in Frameworks */ = {isa = PBXBuildFile; productRef = DCB92A2F2C9C076E000290DE /* RxAlamofire */; };
		DCB92A332C9C07D1000290DE /* Kingfisher in Frameworks */ = {isa = PBXBuildFile; productRef = DCB92A322C9C07D1000290DE /* Kingfisher */; };
		DCB92A532C9C0C61000290DE /* ApiService.swift in Sources */ = {isa = PBXBuildFile; fileRef = DCB92A522C9C0C61000290DE /* ApiService.swift */; };
		DCB92A562C9C0D8B000290DE /* MovieEntity.swift in Sources */ = {isa = PBXBuildFile; fileRef = DCB92A552C9C0D8B000290DE /* MovieEntity.swift */; };
		DCC8DB962C9BFF8D0011F184 /* AppDelegate.swift in Sources */ = {isa = PBXBuildFile; fileRef = DCC8DB952C9BFF8D0011F184 /* AppDelegate.swift */; };
		DCC8DB982C9BFF8D0011F184 /* SceneDelegate.swift in Sources */ = {isa = PBXBuildFile; fileRef = DCC8DB972C9BFF8D0011F184 /* SceneDelegate.swift */; };
		DCC8DB9A2C9BFF8D0011F184 /* ViewController.swift in Sources */ = {isa = PBXBuildFile; fileRef = DCC8DB992C9BFF8D0011F184 /* ViewController.swift */; };
		DCC8DB9D2C9BFF8D0011F184 /* Base in Resources */ = {isa = PBXBuildFile; fileRef = DCC8DB9C2C9BFF8D0011F184 /* Base */; };
		DCC8DB9F2C9BFF8E0011F184 /* Assets.xcassets in Resources */ = {isa = PBXBuildFile; fileRef = DCC8DB9E2C9BFF8E0011F184 /* Assets.xcassets */; };
		DCC8DBA22C9BFF8E0011F184 /* Base in Resources */ = {isa = PBXBuildFile; fileRef = DCC8DBA12C9BFF8E0011F184 /* Base */; };
/* End PBXBuildFile section */

/* Begin PBXFileReference section */
		DC644A822C9C2005009D18F7 /* ViewControllerViewModel.swift */ = {isa = PBXFileReference; lastKnownFileType = sourcecode.swift; path = ViewControllerViewModel.swift; sourceTree = "<group>"; };
		DC644A842C9C203F009D18F7 /* MovieUIModel.swift */ = {isa = PBXFileReference; lastKnownFileType = sourcecode.swift; path = MovieUIModel.swift; sourceTree = "<group>"; };
		DCB92A522C9C0C61000290DE /* ApiService.swift */ = {isa = PBXFileReference; lastKnownFileType = sourcecode.swift; path = ApiService.swift; sourceTree = "<group>"; };
		DCB92A552C9C0D8B000290DE /* MovieEntity.swift */ = {isa = PBXFileReference; lastKnownFileType = sourcecode.swift; path = MovieEntity.swift; sourceTree = "<group>"; };
		DCC8DB922C9BFF8D0011F184 /* TurkcellApi3.app */ = {isa = PBXFileReference; explicitFileType = wrapper.application; includeInIndex = 0; path = TurkcellApi3.app; sourceTree = BUILT_PRODUCTS_DIR; };
		DCC8DB952C9BFF8D0011F184 /* AppDelegate.swift */ = {isa = PBXFileReference; lastKnownFileType = sourcecode.swift; path = AppDelegate.swift; sourceTree = "<group>"; };
		DCC8DB972C9BFF8D0011F184 /* SceneDelegate.swift */ = {isa = PBXFileReference; lastKnownFileType = sourcecode.swift; path = SceneDelegate.swift; sourceTree = "<group>"; };
		DCC8DB992C9BFF8D0011F184 /* ViewController.swift */ = {isa = PBXFileReference; lastKnownFileType = sourcecode.swift; path = ViewController.swift; sourceTree = "<group>"; };
		DCC8DB9C2C9BFF8D0011F184 /* Base */ = {isa = PBXFileReference; lastKnownFileType = file.storyboard; name = Base; path = Base.lproj/Main.storyboard; sourceTree = "<group>"; };
		DCC8DB9E2C9BFF8E0011F184 /* Assets.xcassets */ = {isa = PBXFileReference; lastKnownFileType = folder.assetcatalog; path = Assets.xcassets; sourceTree = "<group>"; };
		DCC8DBA12C9BFF8E0011F184 /* Base */ = {isa = PBXFileReference; lastKnownFileType = file.storyboard; name = Base; path = Base.lproj/LaunchScreen.storyboard; sourceTree = "<group>"; };
		DCC8DBA32C9BFF8E0011F184 /* Info.plist */ = {isa = PBXFileReference; lastKnownFileType = text.plist.xml; path = Info.plist; sourceTree = "<group>"; };
/* End PBXFileReference section */

/* Begin PBXFrameworksBuildPhase section */
		DCC8DB8F2C9BFF8D0011F184 /* Frameworks */ = {
			isa = PBXFrameworksBuildPhase;
			buildActionMask = 2147483647;
			files = (
				DCB92A332C9C07D1000290DE /* Kingfisher in Frameworks */,
				DCB92A302C9C076E000290DE /* RxAlamofire in Frameworks */,
			);
			runOnlyForDeploymentPostprocessing = 0;
		};
/* End PBXFrameworksBuildPhase section */

/* Begin PBXGroup section */
		DCB92A512C9C0C43000290DE /* Network */ = {
			isa = PBXGroup;
			children = (
				DCB92A522C9C0C61000290DE /* ApiService.swift */,
			);
			path = Network;
			sourceTree = "<group>";
		};
		DCB92A542C9C0D5B000290DE /* Model */ = {
			isa = PBXGroup;
			children = (
				DC644A842C9C203F009D18F7 /* MovieUIModel.swift */,
				DCB92A552C9C0D8B000290DE /* MovieEntity.swift */,
			);
			path = Model;
			sourceTree = "<group>";
		};
		DCC8DB892C9BFF8D0011F184 = {
			isa = PBXGroup;
			children = (
				DCC8DB942C9BFF8D0011F184 /* TurkcellApi3 */,
				DCC8DB932C9BFF8D0011F184 /* Products */,
			);
			sourceTree = "<group>";
		};
		DCC8DB932C9BFF8D0011F184 /* Products */ = {
			isa = PBXGroup;
			children = (
				DCC8DB922C9BFF8D0011F184 /* TurkcellApi3.app */,
			);
			name = Products;
			sourceTree = "<group>";
		};
		DCC8DB942C9BFF8D0011F184 /* TurkcellApi3 */ = {
			isa = PBXGroup;
			children = (
				DCB92A542C9C0D5B000290DE /* Model */,
				DCB92A512C9C0C43000290DE /* Network */,
				DCC8DB952C9BFF8D0011F184 /* AppDelegate.swift */,
				DCC8DB972C9BFF8D0011F184 /* SceneDelegate.swift */,
				DCC8DB992C9BFF8D0011F184 /* ViewController.swift */,
				DC644A822C9C2005009D18F7 /* ViewControllerViewModel.swift */,
				DCC8DB9B2C9BFF8D0011F184 /* Main.storyboard */,
				DCC8DB9E2C9BFF8E0011F184 /* Assets.xcassets */,
				DCC8DBA02C9BFF8E0011F184 /* LaunchScreen.storyboard */,
				DCC8DBA32C9BFF8E0011F184 /* Info.plist */,
			);
			path = TurkcellApi3;
			sourceTree = "<group>";
		};
/* End PBXGroup section */

/* Begin PBXNativeTarget section */
		DCC8DB912C9BFF8D0011F184 /* TurkcellApi3 */ = {
			isa = PBXNativeTarget;
			buildConfigurationList = DCC8DBA62C9BFF8E0011F184 /* Build configuration list for PBXNativeTarget "TurkcellApi3" */;
			buildPhases = (
				DCC8DB8E2C9BFF8D0011F184 /* Sources */,
				DCC8DB8F2C9BFF8D0011F184 /* Frameworks */,
				DCC8DB902C9BFF8D0011F184 /* Resources */,
			);
			buildRules = (
			);
			dependencies = (
			);
			name = TurkcellApi3;
			productName = TurkcellApi3;
			productReference = DCC8DB922C9BFF8D0011F184 /* TurkcellApi3.app */;
			productType = "com.apple.product-type.application";
		};
/* End PBXNativeTarget section */

/* Begin PBXProject section */
		DCC8DB8A2C9BFF8D0011F184 /* Project object */ = {
			isa = PBXProject;
			attributes = {
				BuildIndependentTargetsInParallel = 1;
				LastSwiftUpdateCheck = 1540;
				LastUpgradeCheck = 1540;
				TargetAttributes = {
					DCC8DB912C9BFF8D0011F184 = {
						CreatedOnToolsVersion = 15.4;
					};
				};
			};
			buildConfigurationList = DCC8DB8D2C9BFF8D0011F184 /* Build configuration list for PBXProject "TurkcellApi3" */;
			compatibilityVersion = "Xcode 14.0";
			developmentRegion = en;
			hasScannedForEncodings = 0;
			knownRegions = (
				en,
				Base,
			);
			mainGroup = DCC8DB892C9BFF8D0011F184;
			packageReferences = (
				DCB92A2E2C9C076E000290DE /* XCRemoteSwiftPackageReference "RxAlamofire" */,
				DCB92A312C9C07D0000290DE /* XCRemoteSwiftPackageReference "Kingfisher" */,
			);
			productRefGroup = DCC8DB932C9BFF8D0011F184 /* Products */;
			projectDirPath = "";
			projectRoot = "";
			targets = (
				DCC8DB912C9BFF8D0011F184 /* TurkcellApi3 */,
			);
		};
/* End PBXProject section */

/* Begin PBXResourcesBuildPhase section */
		DCC8DB902C9BFF8D0011F184 /* Resources */ = {
			isa = PBXResourcesBuildPhase;
			buildActionMask = 2147483647;
			files = (
				DCC8DB9F2C9BFF8E0011F184 /* Assets.xcassets in Resources */,
				DCC8DBA22C9BFF8E0011F184 /* Base in Resources */,
				DCC8DB9D2C9BFF8D0011F184 /* Base in Resources */,
			);
			runOnlyForDeploymentPostprocessing = 0;
		};
/* End PBXResourcesBuildPhase section */

/* Begin PBXSourcesBuildPhase section */
		DCC8DB8E2C9BFF8D0011F184 /* Sources */ = {
			isa = PBXSourcesBuildPhase;
			buildActionMask = 2147483647;
			files = (
				DCC8DB9A2C9BFF8D0011F184 /* ViewController.swift in Sources */,
				DC644A832C9C2005009D18F7 /* ViewControllerViewModel.swift in Sources */,
				DCB92A562C9C0D8B000290DE /* MovieEntity.swift in Sources */,
				DCC8DB962C9BFF8D0011F184 /* AppDelegate.swift in Sources */,
				DCB92A532C9C0C61000290DE /* ApiService.swift in Sources */,
				DC644A852C9C203F009D18F7 /* MovieUIModel.swift in Sources */,
				DCC8DB982C9BFF8D0011F184 /* SceneDelegate.swift in Sources */,
			);
			runOnlyForDeploymentPostprocessing = 0;
		};
/* End PBXSourcesBuildPhase section */

/* Begin PBXVariantGroup section */
		DCC8DB9B2C9BFF8D0011F184 /* Main.storyboard */ = {
			isa = PBXVariantGroup;
			children = (
				DCC8DB9C2C9BFF8D0011F184 /* Base */,
			);
			name = Main.storyboard;
			sourceTree = "<group>";
		};
		DCC8DBA02C9BFF8E0011F184 /* LaunchScreen.storyboard */ = {
			isa = PBXVariantGroup;
			children = (
				DCC8DBA12C9BFF8E0011F184 /* Base */,
			);
			name = LaunchScreen.storyboard;
			sourceTree = "<group>";
		};
/* End PBXVariantGroup section */

/* Begin XCBuildConfiguration section */
		DCC8DBA42C9BFF8E0011F184 /* Debug */ = {
			isa = XCBuildConfiguration;
			buildSettings = {
				ALWAYS_SEARCH_USER_PATHS = NO;
				ASSETCATALOG_COMPILER_GENERATE_SWIFT_ASSET_SYMBOL_EXTENSIONS = YES;
				CLANG_ANALYZER_NONNULL = YES;
				CLANG_ANALYZER_NUMBER_OBJECT_CONVERSION = YES_AGGRESSIVE;
				CLANG_CXX_LANGUAGE_STANDARD = "gnu++20";
				CLANG_ENABLE_MODULES = YES;
				CLANG_ENABLE_OBJC_ARC = YES;
				CLANG_ENABLE_OBJC_WEAK = YES;
				CLANG_WARN_BLOCK_CAPTURE_AUTORELEASING = YES;
				CLANG_WARN_BOOL_CONVERSION = YES;
				CLANG_WARN_COMMA = YES;
				CLANG_WARN_CONSTANT_CONVERSION = YES;
				CLANG_WARN_DEPRECATED_OBJC_IMPLEMENTATIONS = YES;
				CLANG_WARN_DIRECT_OBJC_ISA_USAGE = YES_ERROR;
				CLANG_WARN_DOCUMENTATION_COMMENTS = YES;
				CLANG_WARN_EMPTY_BODY = YES;
				CLANG_WARN_ENUM_CONVERSION = YES;
				CLANG_WARN_INFINITE_RECURSION = YES;
				CLANG_WARN_INT_CONVERSION = YES;
				CLANG_WARN_NON_LITERAL_NULL_CONVERSION = YES;
				CLANG_WARN_OBJC_IMPLICIT_RETAIN_SELF = YES;
				CLANG_WARN_OBJC_LITERAL_CONVERSION = YES;
				CLANG_WARN_OBJC_ROOT_CLASS = YES_ERROR;
				CLANG_WARN_QUOTED_INCLUDE_IN_FRAMEWORK_HEADER = YES;
				CLANG_WARN_RANGE_LOOP_ANALYSIS = YES;
				CLANG_WARN_STRICT_PROTOTYPES = YES;
				CLANG_WARN_SUSPICIOUS_MOVE = YES;
				CLANG_WARN_UNGUARDED_AVAILABILITY = YES_AGGRESSIVE;
				CLANG_WARN_UNREACHABLE_CODE = YES;
				CLANG_WARN__DUPLICATE_METHOD_MATCH = YES;
				COPY_PHASE_STRIP = NO;
				DEBUG_INFORMATION_FORMAT = dwarf;
				ENABLE_STRICT_OBJC_MSGSEND = YES;
				ENABLE_TESTABILITY = YES;
				ENABLE_USER_SCRIPT_SANDBOXING = YES;
				GCC_C_LANGUAGE_STANDARD = gnu17;
				GCC_DYNAMIC_NO_PIC = NO;
				GCC_NO_COMMON_BLOCKS = YES;
				GCC_OPTIMIZATION_LEVEL = 0;
				GCC_PREPROCESSOR_DEFINITIONS = (
					"DEBUG=1",
					"$(inherited)",
				);
				GCC_WARN_64_TO_32_BIT_CONVERSION = YES;
				GCC_WARN_ABOUT_RETURN_TYPE = YES_ERROR;
				GCC_WARN_UNDECLARED_SELECTOR = YES;
				GCC_WARN_UNINITIALIZED_AUTOS = YES_AGGRESSIVE;
				GCC_WARN_UNUSED_FUNCTION = YES;
				GCC_WARN_UNUSED_VARIABLE = YES;
				IPHONEOS_DEPLOYMENT_TARGET = 17.5;
				LOCALIZATION_PREFERS_STRING_CATALOGS = YES;
				MTL_ENABLE_DEBUG_INFO = INCLUDE_SOURCE;
				MTL_FAST_MATH = YES;
				ONLY_ACTIVE_ARCH = YES;
				SDKROOT = iphoneos;
				SWIFT_ACTIVE_COMPILATION_CONDITIONS = "DEBUG $(inherited)";
				SWIFT_OPTIMIZATION_LEVEL = "-Onone";
			};
			name = Debug;
		};
		DCC8DBA52C9BFF8E0011F184 /* Release */ = {
			isa = XCBuildConfiguration;
			buildSettings = {
				ALWAYS_SEARCH_USER_PATHS = NO;
				ASSETCATALOG_COMPILER_GENERATE_SWIFT_ASSET_SYMBOL_EXTENSIONS = YES;
				CLANG_ANALYZER_NONNULL = YES;
				CLANG_ANALYZER_NUMBER_OBJECT_CONVERSION = YES_AGGRESSIVE;
				CLANG_CXX_LANGUAGE_STANDARD = "gnu++20";
				CLANG_ENABLE_MODULES = YES;
				CLANG_ENABLE_OBJC_ARC = YES;
				CLANG_ENABLE_OBJC_WEAK = YES;
				CLANG_WARN_BLOCK_CAPTURE_AUTORELEASING = YES;
				CLANG_WARN_BOOL_CONVERSION = YES;
				CLANG_WARN_COMMA = YES;
				CLANG_WARN_CONSTANT_CONVERSION = YES;
				CLANG_WARN_DEPRECATED_OBJC_IMPLEMENTATIONS = YES;
				CLANG_WARN_DIRECT_OBJC_ISA_USAGE = YES_ERROR;
				CLANG_WARN_DOCUMENTATION_COMMENTS = YES;
				CLANG_WARN_EMPTY_BODY = YES;
				CLANG_WARN_ENUM_CONVERSION = YES;
				CLANG_WARN_INFINITE_RECURSION = YES;
				CLANG_WARN_INT_CONVERSION = YES;
				CLANG_WARN_NON_LITERAL_NULL_CONVERSION = YES;
				CLANG_WARN_OBJC_IMPLICIT_RETAIN_SELF = YES;
				CLANG_WARN_OBJC_LITERAL_CONVERSION = YES;
				CLANG_WARN_OBJC_ROOT_CLASS = YES_ERROR;
				CLANG_WARN_QUOTED_INCLUDE_IN_FRAMEWORK_HEADER = YES;
				CLANG_WARN_RANGE_LOOP_ANALYSIS = YES;
				CLANG_WARN_STRICT_PROTOTYPES = YES;
				CLANG_WARN_SUSPICIOUS_MOVE = YES;
				CLANG_WARN_UNGUARDED_AVAILABILITY = YES_AGGRESSIVE;
				CLANG_WARN_UNREACHABLE_CODE = YES;
				CLANG_WARN__DUPLICATE_METHOD_MATCH = YES;
				COPY_PHASE_STRIP = NO;
				DEBUG_INFORMATION_FORMAT = "dwarf-with-dsym";
				ENABLE_NS_ASSERTIONS = NO;
				ENABLE_STRICT_OBJC_MSGSEND = YES;
				ENABLE_USER_SCRIPT_SANDBOXING = YES;
				GCC_C_LANGUAGE_STANDARD = gnu17;
				GCC_NO_COMMON_BLOCKS = YES;
				GCC_WARN_64_TO_32_BIT_CONVERSION = YES;
				GCC_WARN_ABOUT_RETURN_TYPE = YES_ERROR;
				GCC_WARN_UNDECLARED_SELECTOR = YES;
				GCC_WARN_UNINITIALIZED_AUTOS = YES_AGGRESSIVE;
				GCC_WARN_UNUSED_FUNCTION = YES;
				GCC_WARN_UNUSED_VARIABLE = YES;
				IPHONEOS_DEPLOYMENT_TARGET = 17.5;
				LOCALIZATION_PREFERS_STRING_CATALOGS = YES;
				MTL_ENABLE_DEBUG_INFO = NO;
				MTL_FAST_MATH = YES;
				SDKROOT = iphoneos;
				SWIFT_COMPILATION_MODE = wholemodule;
				VALIDATE_PRODUCT = YES;
			};
			name = Release;
		};
		DCC8DBA72C9BFF8E0011F184 /* Debug */ = {
			isa = XCBuildConfiguration;
			buildSettings = {
				ASSETCATALOG_COMPILER_APPICON_NAME = AppIcon;
				ASSETCATALOG_COMPILER_GLOBAL_ACCENT_COLOR_NAME = AccentColor;
				CODE_SIGN_STYLE = Automatic;
				CURRENT_PROJECT_VERSION = 1;
				DEVELOPMENT_TEAM = Y7653CXCKR;
				GENERATE_INFOPLIST_FILE = YES;
				INFOPLIST_FILE = TurkcellApi3/Info.plist;
				INFOPLIST_KEY_UIApplicationSupportsIndirectInputEvents = YES;
				INFOPLIST_KEY_UILaunchStoryboardName = LaunchScreen;
				INFOPLIST_KEY_UIMainStoryboardFile = Main;
				INFOPLIST_KEY_UISupportedInterfaceOrientations_iPad = "UIInterfaceOrientationPortrait UIInterfaceOrientationPortraitUpsideDown UIInterfaceOrientationLandscapeLeft UIInterfaceOrientationLandscapeRight";
				INFOPLIST_KEY_UISupportedInterfaceOrientations_iPhone = "UIInterfaceOrientationPortrait UIInterfaceOrientationLandscapeLeft UIInterfaceOrientationLandscapeRight";
				LD_RUNPATH_SEARCH_PATHS = (
					"$(inherited)",
					"@executable_path/Frameworks",
				);
				MARKETING_VERSION = 1.0;
				PRODUCT_BUNDLE_IDENTIFIER = com.turkcell.TurkcellApi3;
				PRODUCT_NAME = "$(TARGET_NAME)";
				SWIFT_EMIT_LOC_STRINGS = YES;
				SWIFT_VERSION = 5.0;
				TARGETED_DEVICE_FAMILY = "1,2";
			};
			name = Debug;
		};
		DCC8DBA82C9BFF8E0011F184 /* Release */ = {
			isa = XCBuildConfiguration;
			buildSettings = {
				ASSETCATALOG_COMPILER_APPICON_NAME = AppIcon;
				ASSETCATALOG_COMPILER_GLOBAL_ACCENT_COLOR_NAME = AccentColor;
				CODE_SIGN_STYLE = Automatic;
				CURRENT_PROJECT_VERSION = 1;
				DEVELOPMENT_TEAM = Y7653CXCKR;
				GENERATE_INFOPLIST_FILE = YES;
				INFOPLIST_FILE = TurkcellApi3/Info.plist;
				INFOPLIST_KEY_UIApplicationSupportsIndirectInputEvents = YES;
				INFOPLIST_KEY_UILaunchStoryboardName = LaunchScreen;
				INFOPLIST_KEY_UIMainStoryboardFile = Main;
				INFOPLIST_KEY_UISupportedInterfaceOrientations_iPad = "UIInterfaceOrientationPortrait UIInterfaceOrientationPortraitUpsideDown UIInterfaceOrientationLandscapeLeft UIInterfaceOrientationLandscapeRight";
				INFOPLIST_KEY_UISupportedInterfaceOrientations_iPhone = "UIInterfaceOrientationPortrait UIInterfaceOrientationLandscapeLeft UIInterfaceOrientationLandscapeRight";
				LD_RUNPATH_SEARCH_PATHS = (
					"$(inherited)",
					"@executable_path/Frameworks",
				);
				MARKETING_VERSION = 1.0;
				PRODUCT_BUNDLE_IDENTIFIER = com.turkcell.TurkcellApi3;
				PRODUCT_NAME = "$(TARGET_NAME)";
				SWIFT_EMIT_LOC_STRINGS = YES;
				SWIFT_VERSION = 5.0;
				TARGETED_DEVICE_FAMILY = "1,2";
			};
			name = Release;
		};
/* End XCBuildConfiguration section */

/* Begin XCConfigurationList section */
		DCC8DB8D2C9BFF8D0011F184 /* Build configuration list for PBXProject "TurkcellApi3" */ = {
			isa = XCConfigurationList;
			buildConfigurations = (
				DCC8DBA42C9BFF8E0011F184 /* Debug */,
				DCC8DBA52C9BFF8E0011F184 /* Release */,
			);
			defaultConfigurationIsVisible = 0;
			defaultConfigurationName = Release;
		};
		DCC8DBA62C9BFF8E0011F184 /* Build configuration list for PBXNativeTarget "TurkcellApi3" */ = {
			isa = XCConfigurationList;
			buildConfigurations = (
				DCC8DBA72C9BFF8E0011F184 /* Debug */,
				DCC8DBA82C9BFF8E0011F184 /* Release */,
			);
			defaultConfigurationIsVisible = 0;
			defaultConfigurationName = Release;
		};
/* End XCConfigurationList section */

/* Begin XCRemoteSwiftPackageReference section */
		DCB92A2E2C9C076E000290DE /* XCRemoteSwiftPackageReference "RxAlamofire" */ = {
			isa = XCRemoteSwiftPackageReference;
			repositoryURL = "https://github.com/RxSwiftCommunity/RxAlamofire.git";
			requirement = {
				kind = upToNextMajorVersion;
				minimumVersion = 6.1.2;
			};
		};
		DCB92A312C9C07D0000290DE /* XCRemoteSwiftPackageReference "Kingfisher" */ = {
			isa = XCRemoteSwiftPackageReference;
			repositoryURL = "https://github.com/onevcat/Kingfisher.git";
			requirement = {
				kind = upToNextMajorVersion;
				minimumVersion = 8.0.1;
			};
		};
/* End XCRemoteSwiftPackageReference section */

/* Begin XCSwiftPackageProductDependency section */
		DCB92A2F2C9C076E000290DE /* RxAlamofire */ = {
			isa = XCSwiftPackageProductDependency;
			package = DCB92A2E2C9C076E000290DE /* XCRemoteSwiftPackageReference "RxAlamofire" */;
			productName = RxAlamofire;
		};
		DCB92A322C9C07D1000290DE /* Kingfisher */ = {
			isa = XCSwiftPackageProductDependency;
			package = DCB92A312C9C07D0000290DE /* XCRemoteSwiftPackageReference "Kingfisher" */;
			productName = Kingfisher;
		};
/* End XCSwiftPackageProductDependency section */
	};
	rootObject = DCC8DB8A2C9BFF8D0011F184 /* Project object */;
}
